// !$*UTF8*$!
{
	archiveVersion = 1;
	classes = {
	};
	objectVersion = 56;
	objects = {

/* Begin PBXBuildFile section */
		501A074E286B5C8C00733BED /* TranscribeViewModel.swift in Sources */ = {isa = PBXBuildFile; fileRef = 501A074D286B5C8C00733BED /* TranscribeViewModel.swift */; };
		501A0756286B746700733BED /* Sugar in Frameworks */ = {isa = PBXBuildFile; productRef = 501A0755286B746700733BED /* Sugar */; };
		501A0759286B9AAE00733BED /* TranscriptedBlock.swift in Sources */ = {isa = PBXBuildFile; fileRef = 501A0758286B9AAE00733BED /* TranscriptedBlock.swift */; };
		50EFB9F1286A0EFE006E3E06 /* Speak2PinyinApp.swift in Sources */ = {isa = PBXBuildFile; fileRef = 50EFB9F0286A0EFE006E3E06 /* Speak2PinyinApp.swift */; };
		50EFB9F3286A0EFE006E3E06 /* TranscribeView.swift in Sources */ = {isa = PBXBuildFile; fileRef = 50EFB9F2286A0EFE006E3E06 /* TranscribeView.swift */; };
		50EFB9F5286A0EFF006E3E06 /* Assets.xcassets in Resources */ = {isa = PBXBuildFile; fileRef = 50EFB9F4286A0EFF006E3E06 /* Assets.xcassets */; };
		50EFB9F8286A0EFF006E3E06 /* Preview.xcassets in Resources */ = {isa = PBXBuildFile; fileRef = 50EFB9F7286A0EFF006E3E06 /* Preview.xcassets */; };
		50EFBA07286A2AF7006E3E06 /* Core in Frameworks */ = {isa = PBXBuildFile; productRef = 50EFBA06286A2AF7006E3E06 /* Core */; };
/* End PBXBuildFile section */

/* Begin PBXFileReference section */
		501A074D286B5C8C00733BED /* TranscribeViewModel.swift */ = {isa = PBXFileReference; lastKnownFileType = sourcecode.swift; path = TranscribeViewModel.swift; sourceTree = "<group>"; };
		501A0753286B740100733BED /* Sugar */ = {isa = PBXFileReference; lastKnownFileType = wrapper; path = Sugar; sourceTree = "<group>"; };
		501A0758286B9AAE00733BED /* TranscriptedBlock.swift */ = {isa = PBXFileReference; lastKnownFileType = sourcecode.swift; path = TranscriptedBlock.swift; sourceTree = "<group>"; };
		50EFB9ED286A0EFE006E3E06 /* Speak2Pinyin.app */ = {isa = PBXFileReference; explicitFileType = wrapper.application; includeInIndex = 0; path = Speak2Pinyin.app; sourceTree = BUILT_PRODUCTS_DIR; };
		50EFB9F0286A0EFE006E3E06 /* Speak2PinyinApp.swift */ = {isa = PBXFileReference; lastKnownFileType = sourcecode.swift; path = Speak2PinyinApp.swift; sourceTree = "<group>"; };
		50EFB9F2286A0EFE006E3E06 /* TranscribeView.swift */ = {isa = PBXFileReference; lastKnownFileType = sourcecode.swift; path = TranscribeView.swift; sourceTree = "<group>"; };
		50EFB9F4286A0EFF006E3E06 /* Assets.xcassets */ = {isa = PBXFileReference; lastKnownFileType = folder.assetcatalog; path = Assets.xcassets; sourceTree = "<group>"; };
		50EFB9F7286A0EFF006E3E06 /* Preview.xcassets */ = {isa = PBXFileReference; lastKnownFileType = folder.assetcatalog; path = Preview.xcassets; sourceTree = "<group>"; };
		50EFB9FE286A0F56006E3E06 /* Core */ = {isa = PBXFileReference; lastKnownFileType = wrapper; path = Core; sourceTree = "<group>"; };
/* End PBXFileReference section */

/* Begin PBXFrameworksBuildPhase section */
		50EFB9EA286A0EFE006E3E06 /* Frameworks */ = {
			isa = PBXFrameworksBuildPhase;
			buildActionMask = 2147483647;
			files = (
				50EFBA07286A2AF7006E3E06 /* Core in Frameworks */,
				501A0756286B746700733BED /* Sugar in Frameworks */,
			);
			runOnlyForDeploymentPostprocessing = 0;
		};
/* End PBXFrameworksBuildPhase section */

/* Begin PBXGroup section */
		501A074C286B524A00733BED /* Transcribe */ = {
			isa = PBXGroup;
			children = (
				501A0758286B9AAE00733BED /* TranscriptedBlock.swift */,
				50EFB9F2286A0EFE006E3E06 /* TranscribeView.swift */,
				501A074D286B5C8C00733BED /* TranscribeViewModel.swift */,
			);
			path = Transcribe;
			sourceTree = "<group>";
		};
		50EFB9E4286A0EFE006E3E06 = {
			isa = PBXGroup;
			children = (
				50EFB9EF286A0EFE006E3E06 /* Speak2Pinyin */,
				50EFB9EE286A0EFE006E3E06 /* Products */,
				50EFBA03286A1E90006E3E06 /* Frameworks */,
			);
			sourceTree = "<group>";
		};
		50EFB9EE286A0EFE006E3E06 /* Products */ = {
			isa = PBXGroup;
			children = (
				50EFB9ED286A0EFE006E3E06 /* Speak2Pinyin.app */,
			);
			name = Products;
			sourceTree = "<group>";
		};
		50EFB9EF286A0EFE006E3E06 /* Speak2Pinyin */ = {
			isa = PBXGroup;
			children = (
				50EFB9FE286A0F56006E3E06 /* Core */,
				50EFB9FF286A0F60006E3E06 /* App */,
				50EFBA00286A0F67006E3E06 /* Data */,
				50EFBA01286A0F6C006E3E06 /* Interface */,
			);
			path = Speak2Pinyin;
			sourceTree = "<group>";
		};
		50EFB9F6286A0EFF006E3E06 /* Preview */ = {
			isa = PBXGroup;
			children = (
				50EFB9F7286A0EFF006E3E06 /* Preview.xcassets */,
			);
			path = Preview;
			sourceTree = "<group>";
		};
		50EFB9FF286A0F60006E3E06 /* App */ = {
			isa = PBXGroup;
			children = (
				50EFB9F0286A0EFE006E3E06 /* Speak2PinyinApp.swift */,
				50EFB9F4286A0EFF006E3E06 /* Assets.xcassets */,
			);
			path = App;
			sourceTree = "<group>";
		};
		50EFBA00286A0F67006E3E06 /* Data */ = {
			isa = PBXGroup;
			children = (
			);
			path = Data;
			sourceTree = "<group>";
		};
		50EFBA01286A0F6C006E3E06 /* Interface */ = {
			isa = PBXGroup;
			children = (
				501A0753286B740100733BED /* Sugar */,
				50EFBA02286A0F83006E3E06 /* Views */,
				50EFB9F6286A0EFF006E3E06 /* Preview */,
			);
			path = Interface;
			sourceTree = "<group>";
		};
		50EFBA02286A0F83006E3E06 /* Views */ = {
			isa = PBXGroup;
			children = (
				501A074C286B524A00733BED /* Transcribe */,
			);
			path = Views;
			sourceTree = "<group>";
		};
		50EFBA03286A1E90006E3E06 /* Frameworks */ = {
			isa = PBXGroup;
			children = (
			);
			name = Frameworks;
			sourceTree = "<group>";
		};
/* End PBXGroup section */

/* Begin PBXNativeTarget section */
		50EFB9EC286A0EFE006E3E06 /* Speak2Pinyin */ = {
			isa = PBXNativeTarget;
			buildConfigurationList = 50EFB9FB286A0EFF006E3E06 /* Build configuration list for PBXNativeTarget "Speak2Pinyin" */;
			buildPhases = (
				50EFB9E9286A0EFE006E3E06 /* Sources */,
				50EFB9EA286A0EFE006E3E06 /* Frameworks */,
				50EFB9EB286A0EFE006E3E06 /* Resources */,
			);
			buildRules = (
			);
			dependencies = (
			);
			name = Speak2Pinyin;
			packageProductDependencies = (
				50EFBA06286A2AF7006E3E06 /* Core */,
				501A0755286B746700733BED /* Sugar */,
			);
			productName = Speak2Pinyin;
			productReference = 50EFB9ED286A0EFE006E3E06 /* Speak2Pinyin.app */;
			productType = "com.apple.product-type.application";
		};
/* End PBXNativeTarget section */

/* Begin PBXProject section */
		50EFB9E5286A0EFE006E3E06 /* Project object */ = {
			isa = PBXProject;
			attributes = {
				BuildIndependentTargetsInParallel = 1;
				LastSwiftUpdateCheck = 1400;
				LastUpgradeCheck = 1400;
				TargetAttributes = {
					50EFB9EC286A0EFE006E3E06 = {
						CreatedOnToolsVersion = 14.0;
					};
				};
			};
			buildConfigurationList = 50EFB9E8286A0EFE006E3E06 /* Build configuration list for PBXProject "Speak2Pinyin" */;
			compatibilityVersion = "Xcode 14.0";
			developmentRegion = en;
			hasScannedForEncodings = 0;
			knownRegions = (
				en,
				Base,
			);
			mainGroup = 50EFB9E4286A0EFE006E3E06;
			packageReferences = (
			);
			productRefGroup = 50EFB9EE286A0EFE006E3E06 /* Products */;
			projectDirPath = "";
			projectRoot = "";
			targets = (
				50EFB9EC286A0EFE006E3E06 /* Speak2Pinyin */,
			);
		};
/* End PBXProject section */

/* Begin PBXResourcesBuildPhase section */
		50EFB9EB286A0EFE006E3E06 /* Resources */ = {
			isa = PBXResourcesBuildPhase;
			buildActionMask = 2147483647;
			files = (
				50EFB9F8286A0EFF006E3E06 /* Preview.xcassets in Resources */,
				50EFB9F5286A0EFF006E3E06 /* Assets.xcassets in Resources */,
			);
			runOnlyForDeploymentPostprocessing = 0;
		};
/* End PBXResourcesBuildPhase section */

/* Begin PBXSourcesBuildPhase section */
		50EFB9E9286A0EFE006E3E06 /* Sources */ = {
			isa = PBXSourcesBuildPhase;
			buildActionMask = 2147483647;
			files = (
				501A0759286B9AAE00733BED /* TranscriptedBlock.swift in Sources */,
				50EFB9F3286A0EFE006E3E06 /* TranscribeView.swift in Sources */,
				501A074E286B5C8C00733BED /* TranscribeViewModel.swift in Sources */,
				50EFB9F1286A0EFE006E3E06 /* Speak2PinyinApp.swift in Sources */,
			);
			runOnlyForDeploymentPostprocessing = 0;
		};
/* End PBXSourcesBuildPhase section */

/* Begin XCBuildConfiguration section */
		50EFB9F9286A0EFF006E3E06 /* Debug */ = {
			isa = XCBuildConfiguration;
			buildSettings = {
				ALWAYS_SEARCH_USER_PATHS = NO;
				CLANG_ANALYZER_NONNULL = YES;
				CLANG_ANALYZER_NUMBER_OBJECT_CONVERSION = YES_AGGRESSIVE;
				CLANG_CXX_LANGUAGE_STANDARD = "gnu++17";
				CLANG_ENABLE_MODULES = YES;
				CLANG_ENABLE_OBJC_ARC = YES;
				CLANG_ENABLE_OBJC_WEAK = YES;
				CLANG_WARN_BLOCK_CAPTURE_AUTORELEASING = YES;
				CLANG_WARN_BOOL_CONVERSION = YES;
				CLANG_WARN_COMMA = YES;
				CLANG_WARN_CONSTANT_CONVERSION = YES;
				CLANG_WARN_DEPRECATED_OBJC_IMPLEMENTATIONS = YES;
				CLANG_WARN_DIRECT_OBJC_ISA_USAGE = YES_ERROR;
				CLANG_WARN_DOCUMENTATION_COMMENTS = YES;
				CLANG_WARN_EMPTY_BODY = YES;
				CLANG_WARN_ENUM_CONVERSION = YES;
				CLANG_WARN_INFINITE_RECURSION = YES;
				CLANG_WARN_INT_CONVERSION = YES;
				CLANG_WARN_NON_LITERAL_NULL_CONVERSION = YES;
				CLANG_WARN_OBJC_IMPLICIT_RETAIN_SELF = YES;
				CLANG_WARN_OBJC_LITERAL_CONVERSION = YES;
				CLANG_WARN_OBJC_ROOT_CLASS = YES_ERROR;
				CLANG_WARN_QUOTED_INCLUDE_IN_FRAMEWORK_HEADER = YES;
				CLANG_WARN_RANGE_LOOP_ANALYSIS = YES;
				CLANG_WARN_STRICT_PROTOTYPES = YES;
				CLANG_WARN_SUSPICIOUS_MOVE = YES;
				CLANG_WARN_UNGUARDED_AVAILABILITY = YES_AGGRESSIVE;
				CLANG_WARN_UNREACHABLE_CODE = YES;
				CLANG_WARN__DUPLICATE_METHOD_MATCH = YES;
				COPY_PHASE_STRIP = NO;
				DEBUG_INFORMATION_FORMAT = dwarf;
				ENABLE_STRICT_OBJC_MSGSEND = YES;
				ENABLE_TESTABILITY = YES;
				GCC_C_LANGUAGE_STANDARD = gnu11;
				GCC_DYNAMIC_NO_PIC = NO;
				GCC_NO_COMMON_BLOCKS = YES;
				GCC_OPTIMIZATION_LEVEL = 0;
				GCC_PREPROCESSOR_DEFINITIONS = (
					"DEBUG=1",
					"$(inherited)",
				);
				GCC_WARN_64_TO_32_BIT_CONVERSION = YES;
				GCC_WARN_ABOUT_RETURN_TYPE = YES_ERROR;
				GCC_WARN_UNDECLARED_SELECTOR = YES;
				GCC_WARN_UNINITIALIZED_AUTOS = YES_AGGRESSIVE;
				GCC_WARN_UNUSED_FUNCTION = YES;
				GCC_WARN_UNUSED_VARIABLE = YES;
				IPHONEOS_DEPLOYMENT_TARGET = 15.0;
				MTL_ENABLE_DEBUG_INFO = INCLUDE_SOURCE;
				MTL_FAST_MATH = YES;
				ONLY_ACTIVE_ARCH = YES;
				SDKROOT = iphoneos;
				SWIFT_ACTIVE_COMPILATION_CONDITIONS = DEBUG;
				SWIFT_OPTIMIZATION_LEVEL = "-Onone";
			};
			name = Debug;
		};
		50EFB9FA286A0EFF006E3E06 /* Release */ = {
			isa = XCBuildConfiguration;
			buildSettings = {
				ALWAYS_SEARCH_USER_PATHS = NO;
				CLANG_ANALYZER_NONNULL = YES;
				CLANG_ANALYZER_NUMBER_OBJECT_CONVERSION = YES_AGGRESSIVE;
				CLANG_CXX_LANGUAGE_STANDARD = "gnu++17";
				CLANG_ENABLE_MODULES = YES;
				CLANG_ENABLE_OBJC_ARC = YES;
				CLANG_ENABLE_OBJC_WEAK = YES;
				CLANG_WARN_BLOCK_CAPTURE_AUTORELEASING = YES;
				CLANG_WARN_BOOL_CONVERSION = YES;
				CLANG_WARN_COMMA = YES;
				CLANG_WARN_CONSTANT_CONVERSION = YES;
				CLANG_WARN_DEPRECATED_OBJC_IMPLEMENTATIONS = YES;
				CLANG_WARN_DIRECT_OBJC_ISA_USAGE = YES_ERROR;
				CLANG_WARN_DOCUMENTATION_COMMENTS = YES;
				CLANG_WARN_EMPTY_BODY = YES;
				CLANG_WARN_ENUM_CONVERSION = YES;
				CLANG_WARN_INFINITE_RECURSION = YES;
				CLANG_WARN_INT_CONVERSION = YES;
				CLANG_WARN_NON_LITERAL_NULL_CONVERSION = YES;
				CLANG_WARN_OBJC_IMPLICIT_RETAIN_SELF = YES;
				CLANG_WARN_OBJC_LITERAL_CONVERSION = YES;
				CLANG_WARN_OBJC_ROOT_CLASS = YES_ERROR;
				CLANG_WARN_QUOTED_INCLUDE_IN_FRAMEWORK_HEADER = YES;
				CLANG_WARN_RANGE_LOOP_ANALYSIS = YES;
				CLANG_WARN_STRICT_PROTOTYPES = YES;
				CLANG_WARN_SUSPICIOUS_MOVE = YES;
				CLANG_WARN_UNGUARDED_AVAILABILITY = YES_AGGRESSIVE;
				CLANG_WARN_UNREACHABLE_CODE = YES;
				CLANG_WARN__DUPLICATE_METHOD_MATCH = YES;
				COPY_PHASE_STRIP = NO;
				DEBUG_INFORMATION_FORMAT = "dwarf-with-dsym";
				ENABLE_NS_ASSERTIONS = NO;
				ENABLE_STRICT_OBJC_MSGSEND = YES;
				GCC_C_LANGUAGE_STANDARD = gnu11;
				GCC_NO_COMMON_BLOCKS = YES;
				GCC_WARN_64_TO_32_BIT_CONVERSION = YES;
				GCC_WARN_ABOUT_RETURN_TYPE = YES_ERROR;
				GCC_WARN_UNDECLARED_SELECTOR = YES;
				GCC_WARN_UNINITIALIZED_AUTOS = YES_AGGRESSIVE;
				GCC_WARN_UNUSED_FUNCTION = YES;
				GCC_WARN_UNUSED_VARIABLE = YES;
				IPHONEOS_DEPLOYMENT_TARGET = 15.0;
				MTL_ENABLE_DEBUG_INFO = NO;
				MTL_FAST_MATH = YES;
				SDKROOT = iphoneos;
				SWIFT_COMPILATION_MODE = wholemodule;
				SWIFT_OPTIMIZATION_LEVEL = "-O";
				VALIDATE_PRODUCT = YES;
			};
			name = Release;
		};
		50EFB9FC286A0EFF006E3E06 /* Debug */ = {
			isa = XCBuildConfiguration;
			buildSettings = {
				ASSETCATALOG_COMPILER_APPICON_NAME = AppIcon;
				ASSETCATALOG_COMPILER_GLOBAL_ACCENT_COLOR_NAME = AccentColor;
				CODE_SIGN_STYLE = Automatic;
				CURRENT_PROJECT_VERSION = 1;
				DEVELOPMENT_ASSET_PATHS = "\"Speak2Pinyin/Interface/Preview\"";
				DEVELOPMENT_TEAM = 65UTX76JJY;
				ENABLE_PREVIEWS = YES;
				GENERATE_INFOPLIST_FILE = YES;
				INFOPLIST_KEY_NSMicrophoneUsageDescription = Stuff;
				INFOPLIST_KEY_NSSpeechRecognitionUsageDescription = "More Stuff";
				INFOPLIST_KEY_UIApplicationSceneManifest_Generation = YES;
				INFOPLIST_KEY_UIApplicationSupportsIndirectInputEvents = YES;
				INFOPLIST_KEY_UILaunchScreen_Generation = YES;
				INFOPLIST_KEY_UISupportedInterfaceOrientations_iPad = "UIInterfaceOrientationPortrait UIInterfaceOrientationPortraitUpsideDown UIInterfaceOrientationLandscapeLeft UIInterfaceOrientationLandscapeRight";
				INFOPLIST_KEY_UISupportedInterfaceOrientations_iPhone = "UIInterfaceOrientationPortrait UIInterfaceOrientationLandscapeLeft UIInterfaceOrientationLandscapeRight";
				LD_RUNPATH_SEARCH_PATHS = (
					"$(inherited)",
					"@executable_path/Frameworks",
				);
				MARKETING_VERSION = 1.0;
				PRODUCT_BUNDLE_IDENTIFIER = ltd.bracket.Speak2Pinyin;
				PRODUCT_NAME = "$(TARGET_NAME)";
				SWIFT_EMIT_LOC_STRINGS = YES;
				SWIFT_VERSION = 5.0;
				TARGETED_DEVICE_FAMILY = "1,2";
			};
			name = Debug;
		};
		50EFB9FD286A0EFF006E3E06 /* Release */ = {
			isa = XCBuildConfiguration;
			buildSettings = {
				ASSETCATALOG_COMPILER_APPICON_NAME = AppIcon;
				ASSETCATALOG_COMPILER_GLOBAL_ACCENT_COLOR_NAME = AccentColor;
				CODE_SIGN_STYLE = Automatic;
				CURRENT_PROJECT_VERSION = 1;
				DEVELOPMENT_ASSET_PATHS = "\"Speak2Pinyin/Interface/Preview\"";
				DEVELOPMENT_TEAM = 65UTX76JJY;
				ENABLE_PREVIEWS = YES;
				GENERATE_INFOPLIST_FILE = YES;
				INFOPLIST_KEY_NSMicrophoneUsageDescription = Stuff;
				INFOPLIST_KEY_NSSpeechRecognitionUsageDescription = "More Stuff";
				INFOPLIST_KEY_UIApplicationSceneManifest_Generation = YES;
				INFOPLIST_KEY_UIApplicationSupportsIndirectInputEvents = YES;
				INFOPLIST_KEY_UILaunchScreen_Generation = YES;
				INFOPLIST_KEY_UISupportedInterfaceOrientations_iPad = "UIInterfaceOrientationPortrait UIInterfaceOrientationPortraitUpsideDown UIInterfaceOrientationLandscapeLeft UIInterfaceOrientationLandscapeRight";
				INFOPLIST_KEY_UISupportedInterfaceOrientations_iPhone = "UIInterfaceOrientationPortrait UIInterfaceOrientationLandscapeLeft UIInterfaceOrientationLandscapeRight";
				LD_RUNPATH_SEARCH_PATHS = (
					"$(inherited)",
					"@executable_path/Frameworks",
				);
				MARKETING_VERSION = 1.0;
				PRODUCT_BUNDLE_IDENTIFIER = ltd.bracket.Speak2Pinyin;
				PRODUCT_NAME = "$(TARGET_NAME)";
				SWIFT_EMIT_LOC_STRINGS = YES;
				SWIFT_VERSION = 5.0;
				TARGETED_DEVICE_FAMILY = "1,2";
			};
			name = Release;
		};
/* End XCBuildConfiguration section */

/* Begin XCConfigurationList section */
		50EFB9E8286A0EFE006E3E06 /* Build configuration list for PBXProject "Speak2Pinyin" */ = {
			isa = XCConfigurationList;
			buildConfigurations = (
				50EFB9F9286A0EFF006E3E06 /* Debug */,
				50EFB9FA286A0EFF006E3E06 /* Release */,
			);
			defaultConfigurationIsVisible = 0;
			defaultConfigurationName = Release;
		};
		50EFB9FB286A0EFF006E3E06 /* Build configuration list for PBXNativeTarget "Speak2Pinyin" */ = {
			isa = XCConfigurationList;
			buildConfigurations = (
				50EFB9FC286A0EFF006E3E06 /* Debug */,
				50EFB9FD286A0EFF006E3E06 /* Release */,
			);
			defaultConfigurationIsVisible = 0;
			defaultConfigurationName = Release;
		};
/* End XCConfigurationList section */

/* Begin XCSwiftPackageProductDependency section */
		501A0755286B746700733BED /* Sugar */ = {
			isa = XCSwiftPackageProductDependency;
			productName = Sugar;
		};
		50EFBA06286A2AF7006E3E06 /* Core */ = {
			isa = XCSwiftPackageProductDependency;
			productName = Core;
		};
/* End XCSwiftPackageProductDependency section */
	};
	rootObject = 50EFB9E5286A0EFE006E3E06 /* Project object */;
}
